
Microsoft Visual Studio Solution File, Format Version 12.00
# Visual Studio Version 16
VisualStudioVersion = 16.0.30907.101
MinimumVisualStudioVersion = 10.0.40219.1
Project("{FAE04EC0-301F-11D3-BF4B-00C04F79EFBC}") = "Assignment1", "Assignment1.csproj", "{4409A302-E64B-4D9A-BCD6-61243B3AF5DA}"
EndProject
Global
	GlobalSection(SolutionConfigurationPlatforms) = preSolution
		Debug|Any CPU = Debug|Any CPU
		Release|Any CPU = Release|Any CPU
	EndGlobalSection
	GlobalSection(ProjectConfigurationPlatforms) = postSolution
		{4409A302-E64B-4D9A-BCD6-61243B3AF5DA}.Debug|Any CPU.ActiveCfg = Debug|Any CPU
		{4409A302-E64B-4D9A-BCD6-61243B3AF5DA}.Debug|Any CPU.Build.0 = Debug|Any CPU
		{4409A302-E64B-4D9A-BCD6-61243B3AF5DA}.Release|Any CPU.ActiveCfg = Release|Any CPU
		{4409A302-E64B-4D9A-BCD6-61243B3AF5DA}.Release|Any CPU.Build.0 = Release|Any CPU
	EndGlobalSection
	GlobalSection(SolutionProperties) = preSolution
		HideSolutionNode = FALSE
	EndGlobalSection
	GlobalSection(ExtensibilityGlobals) = postSolution
		SolutionGuid = {52E0A115-4528-47A8-823F-CBCC52E24584}
	EndGlobalSection
EndGlobal
